
Microsoft Visual Studio Solution File, Format Version 12.00
# Visual Studio 15
VisualStudioVersion = 15.0.28307.539
MinimumVisualStudioVersion = 10.0.40219.1
Project("{FAE04EC0-301F-11D3-BF4B-00C04F79EFBC}") = "Pokedex", "Pokedex\Pokedex.csproj", "{A8F3A4B1-8728-4B52-A72A-2441A3090947}"
EndProject
Global
	GlobalSection(SolutionConfigurationPlatforms) = preSolution
		Debug|Any CPU = Debug|Any CPU
		Release|Any CPU = Release|Any CPU
	EndGlobalSection
	GlobalSection(ProjectConfigurationPlatforms) = postSolution
		{A8F3A4B1-8728-4B52-A72A-2441A3090947}.Debug|Any CPU.ActiveCfg = Debug|Any CPU
		{A8F3A4B1-8728-4B52-A72A-2441A3090947}.Debug|Any CPU.Build.0 = Debug|Any CPU
		{A8F3A4B1-8728-4B52-A72A-2441A3090947}.Release|Any CPU.ActiveCfg = Release|Any CPU
		{A8F3A4B1-8728-4B52-A72A-2441A3090947}.Release|Any CPU.Build.0 = Release|Any CPU
	EndGlobalSection
	GlobalSection(SolutionProperties) = preSolution
		HideSolutionNode = FALSE
	EndGlobalSection
	GlobalSection(ExtensibilityGlobals) = postSolution
		SolutionGuid = {764D98FB-BBE0-4CD7-9753-6628DE003670}
	EndGlobalSection
EndGlobal
